// !$*UTF8*$!
{
	archiveVersion = 1;
	classes = {
	};
	objectVersion = 51;
	objects = {

/* Begin PBXBuildFile section */
		052C4824265A6E3900645DF4 /* UIImage+Extensions.swift in Sources */ = {isa = PBXBuildFile; fileRef = 052C4823265A6E3900645DF4 /* UIImage+Extensions.swift */; };
		0544BE4226518601001AF1B9 /* diff_response_full.json in Resources */ = {isa = PBXBuildFile; fileRef = 0544BE4126518601001AF1B9 /* diff_response_full.json */; };
		0555FCB02638A28300099E0B /* TransactionDetailViewController.swift in Sources */ = {isa = PBXBuildFile; fileRef = 0555FCAF2638A28300099E0B /* TransactionDetailViewController.swift */; };
		0555FCB3263B385900099E0B /* TransactionCellModel.swift in Sources */ = {isa = PBXBuildFile; fileRef = 0555FCB2263B385900099E0B /* TransactionCellModel.swift */; };
		0559470B2634C0F200CE727C /* ApplicationCoordinator.swift in Sources */ = {isa = PBXBuildFile; fileRef = 0559470A2634C0F200CE727C /* ApplicationCoordinator.swift */; };
		055ADEF3262E0B62001DCF5A /* TokenService.swift in Sources */ = {isa = PBXBuildFile; fileRef = 055ADEF2262E0B62001DCF5A /* TokenService.swift */; };
		055C51B8264D5A63004DCA10 /* diff_response_partial.json in Resources */ = {isa = PBXBuildFile; fileRef = 055C51B7264D5A63004DCA10 /* diff_response_partial.json */; };
		056ED184266CDF710080D09E /* UIColor+Extensions.swift in Sources */ = {isa = PBXBuildFile; fileRef = 056ED183266CDF710080D09E /* UIColor+Extensions.swift */; };
		056F8B0E25F6B314009DDFD0 /* Main.storyboard in Resources */ = {isa = PBXBuildFile; fileRef = 05B93E2925D0442E0089E7A8 /* Main.storyboard */; };
		0580D23C2645A3B500BEFA25 /* NetworkErrorTests.swift in Sources */ = {isa = PBXBuildFile; fileRef = 0580D23B2645A3B500BEFA25 /* NetworkErrorTests.swift */; };
		0580D2422645BBAC00BEFA25 /* TransactionCellModelTests.swift in Sources */ = {isa = PBXBuildFile; fileRef = 0580D2412645BBAC00BEFA25 /* TransactionCellModelTests.swift */; };
		0580D2442649B95800BEFA25 /* DiffResponseModelTests.swift in Sources */ = {isa = PBXBuildFile; fileRef = 0580D2432649B95800BEFA25 /* DiffResponseModelTests.swift */; };
		0598D6D5262F1DE500400A2C /* Notifications.swift in Sources */ = {isa = PBXBuildFile; fileRef = 0598D6D4262F1DE500400A2C /* Notifications.swift */; };
		0598D6DA262F208D00400A2C /* UIStoryboard+Extensions.swift in Sources */ = {isa = PBXBuildFile; fileRef = 0598D6D9262F208D00400A2C /* UIStoryboard+Extensions.swift */; };
		0598D6DF262F272900400A2C /* UIViewController+Extensions.swift in Sources */ = {isa = PBXBuildFile; fileRef = 0598D6DE262F272900400A2C /* UIViewController+Extensions.swift */; };
		0598D6EC262F60E600400A2C /* UIConstants.swift in Sources */ = {isa = PBXBuildFile; fileRef = 0598D6EB262F60E600400A2C /* UIConstants.swift */; };
		05A0664F264C7FBD00A64EE5 /* StateManager.swift in Sources */ = {isa = PBXBuildFile; fileRef = 05A0664E264C7FBD00A64EE5 /* StateManager.swift */; };
		05A06651264C854000A64EE5 /* ErrorView.xib in Resources */ = {isa = PBXBuildFile; fileRef = 05A06650264C854000A64EE5 /* ErrorView.xib */; };
		05A06653264C85C500A64EE5 /* ErrorView.swift in Sources */ = {isa = PBXBuildFile; fileRef = 05A06652264C85C500A64EE5 /* ErrorView.swift */; };
		05AD5F3F2624B9B700355F1B /* NetworkRequest.swift in Sources */ = {isa = PBXBuildFile; fileRef = 05AD5F3E2624B9B700355F1B /* NetworkRequest.swift */; };
		05AD5F472624BC6300355F1B /* ZService.swift in Sources */ = {isa = PBXBuildFile; fileRef = 05AD5F462624BC6300355F1B /* ZService.swift */; };
		05AD5F6226262CEE00355F1B /* AuthResponseModel.swift in Sources */ = {isa = PBXBuildFile; fileRef = 05AD5F6126262CEE00355F1B /* AuthResponseModel.swift */; };
		05AD5F6E262755B300355F1B /* TabBarViewController.swift in Sources */ = {isa = PBXBuildFile; fileRef = 05AD5F6D262755B300355F1B /* TabBarViewController.swift */; };
		05AD5F7326275B3D00355F1B /* NetworkError.swift in Sources */ = {isa = PBXBuildFile; fileRef = 05AD5F7226275B3D00355F1B /* NetworkError.swift */; };
		05AD5F822628B43500355F1B /* ProfileViewController.swift in Sources */ = {isa = PBXBuildFile; fileRef = 05AD5F812628B43500355F1B /* ProfileViewController.swift */; };
		05AD5F872628B48300355F1B /* TransactionsViewController.swift in Sources */ = {isa = PBXBuildFile; fileRef = 05AD5F862628B48300355F1B /* TransactionsViewController.swift */; };
		05AD5F9D2628CBDD00355F1B /* DiffRequestModel.swift in Sources */ = {isa = PBXBuildFile; fileRef = 05AD5F9C2628CBDD00355F1B /* DiffRequestModel.swift */; };
		05AD5FA22628D0CD00355F1B /* DiffResponseModel.swift in Sources */ = {isa = PBXBuildFile; fileRef = 05AD5FA12628D0CD00355F1B /* DiffResponseModel.swift */; };
		05B93E2425D0442E0089E7A8 /* AppDelegate.swift in Sources */ = {isa = PBXBuildFile; fileRef = 05B93E2325D0442E0089E7A8 /* AppDelegate.swift */; };
		05B93E2625D0442E0089E7A8 /* SceneDelegate.swift in Sources */ = {isa = PBXBuildFile; fileRef = 05B93E2525D0442E0089E7A8 /* SceneDelegate.swift */; };
		05B93E2825D0442E0089E7A8 /* LoginViewController.swift in Sources */ = {isa = PBXBuildFile; fileRef = 05B93E2725D0442E0089E7A8 /* LoginViewController.swift */; };
		05B93E2D25D0442F0089E7A8 /* Assets.xcassets in Resources */ = {isa = PBXBuildFile; fileRef = 05B93E2C25D0442F0089E7A8 /* Assets.xcassets */; };
		05B93E3025D0442F0089E7A8 /* LaunchScreen.storyboard in Resources */ = {isa = PBXBuildFile; fileRef = 05B93E2E25D0442F0089E7A8 /* LaunchScreen.storyboard */; };
		05B93E3B25D0442F0089E7A8 /* TokenServiceTests.swift in Sources */ = {isa = PBXBuildFile; fileRef = 05B93E3A25D0442F0089E7A8 /* TokenServiceTests.swift */; };
		05B93E4625D0442F0089E7A8 /* zmoneyUITests.swift in Sources */ = {isa = PBXBuildFile; fileRef = 05B93E4525D0442F0089E7A8 /* zmoneyUITests.swift */; };
		05CF433D264C9D5700A1FCAE /* LoadingView.xib in Resources */ = {isa = PBXBuildFile; fileRef = 05CF433C264C9D5700A1FCAE /* LoadingView.xib */; };
		05CF433F264C9DB500A1FCAE /* LoadingView.swift in Sources */ = {isa = PBXBuildFile; fileRef = 05CF433E264C9DB500A1FCAE /* LoadingView.swift */; };
		05CF4342264CAFE600A1FCAE /* JSONTestable.swift in Sources */ = {isa = PBXBuildFile; fileRef = 05CF4341264CAFE600A1FCAE /* JSONTestable.swift */; };
		05CF4345264D39C200A1FCAE /* TestConstants.swift in Sources */ = {isa = PBXBuildFile; fileRef = 05CF4344264D39C200A1FCAE /* TestConstants.swift */; };
		05D072DB2662AC0F00887A5B /* DateFormatter+Extensions.swift in Sources */ = {isa = PBXBuildFile; fileRef = 05D072DA2662AC0F00887A5B /* DateFormatter+Extensions.swift */; };
		05D3E9B8262A001300E9C234 /* TransactionCell.swift in Sources */ = {isa = PBXBuildFile; fileRef = 05D3E9B7262A001300E9C234 /* TransactionCell.swift */; };
		5442A2E1A16ACDFE3EA473C8 /* Pods_zmoney_zmoneyUITests.framework in Frameworks */ = {isa = PBXBuildFile; fileRef = DA355404053A7CED218A4354 /* Pods_zmoney_zmoneyUITests.framework */; };
		D36D84F67B18323B33FCDBFB /* Pods_zmoney.framework in Frameworks */ = {isa = PBXBuildFile; fileRef = 957310B10DB177304FCD44E9 /* Pods_zmoney.framework */; };
		DC44E7E2F6F4BF91E49774A0 /* Pods_zmoneyTests.framework in Frameworks */ = {isa = PBXBuildFile; fileRef = 23868946E70FC2287A02AE67 /* Pods_zmoneyTests.framework */; };
/* End PBXBuildFile section */

/* Begin PBXContainerItemProxy section */
		05B93E3725D0442F0089E7A8 /* PBXContainerItemProxy */ = {
			isa = PBXContainerItemProxy;
			containerPortal = 05B93E1825D0442E0089E7A8 /* Project object */;
			proxyType = 1;
			remoteGlobalIDString = 05B93E1F25D0442E0089E7A8;
			remoteInfo = zmoney;
		};
		05B93E4225D0442F0089E7A8 /* PBXContainerItemProxy */ = {
			isa = PBXContainerItemProxy;
			containerPortal = 05B93E1825D0442E0089E7A8 /* Project object */;
			proxyType = 1;
			remoteGlobalIDString = 05B93E1F25D0442E0089E7A8;
			remoteInfo = zmoney;
		};
/* End PBXContainerItemProxy section */

/* Begin PBXFileReference section */
		052C4823265A6E3900645DF4 /* UIImage+Extensions.swift */ = {isa = PBXFileReference; lastKnownFileType = sourcecode.swift; path = "UIImage+Extensions.swift"; sourceTree = "<group>"; };
		0544BE4126518601001AF1B9 /* diff_response_full.json */ = {isa = PBXFileReference; fileEncoding = 4; lastKnownFileType = text.json; path = diff_response_full.json; sourceTree = "<group>"; };
		0555FCAF2638A28300099E0B /* TransactionDetailViewController.swift */ = {isa = PBXFileReference; lastKnownFileType = sourcecode.swift; path = TransactionDetailViewController.swift; sourceTree = "<group>"; };
		0555FCB2263B385900099E0B /* TransactionCellModel.swift */ = {isa = PBXFileReference; lastKnownFileType = sourcecode.swift; path = TransactionCellModel.swift; sourceTree = "<group>"; };
		0559470A2634C0F200CE727C /* ApplicationCoordinator.swift */ = {isa = PBXFileReference; lastKnownFileType = sourcecode.swift; path = ApplicationCoordinator.swift; sourceTree = "<group>"; };
		055ADEF2262E0B62001DCF5A /* TokenService.swift */ = {isa = PBXFileReference; lastKnownFileType = sourcecode.swift; path = TokenService.swift; sourceTree = "<group>"; };
		055C51B7264D5A63004DCA10 /* diff_response_partial.json */ = {isa = PBXFileReference; fileEncoding = 4; lastKnownFileType = text.json; path = diff_response_partial.json; sourceTree = "<group>"; };
		056ED183266CDF710080D09E /* UIColor+Extensions.swift */ = {isa = PBXFileReference; lastKnownFileType = sourcecode.swift; path = "UIColor+Extensions.swift"; sourceTree = "<group>"; };
		0580D23B2645A3B500BEFA25 /* NetworkErrorTests.swift */ = {isa = PBXFileReference; lastKnownFileType = sourcecode.swift; path = NetworkErrorTests.swift; sourceTree = "<group>"; };
		0580D2412645BBAC00BEFA25 /* TransactionCellModelTests.swift */ = {isa = PBXFileReference; lastKnownFileType = sourcecode.swift; path = TransactionCellModelTests.swift; sourceTree = "<group>"; };
		0580D2432649B95800BEFA25 /* DiffResponseModelTests.swift */ = {isa = PBXFileReference; lastKnownFileType = sourcecode.swift; path = DiffResponseModelTests.swift; sourceTree = "<group>"; };
		0598D6D4262F1DE500400A2C /* Notifications.swift */ = {isa = PBXFileReference; lastKnownFileType = sourcecode.swift; path = Notifications.swift; sourceTree = "<group>"; };
		0598D6D9262F208D00400A2C /* UIStoryboard+Extensions.swift */ = {isa = PBXFileReference; lastKnownFileType = sourcecode.swift; name = "UIStoryboard+Extensions.swift"; path = "zmoney/Models/Extensions/UIStoryboard+Extensions.swift"; sourceTree = SOURCE_ROOT; };
		0598D6DE262F272900400A2C /* UIViewController+Extensions.swift */ = {isa = PBXFileReference; lastKnownFileType = sourcecode.swift; path = "UIViewController+Extensions.swift"; sourceTree = "<group>"; };
		0598D6EB262F60E600400A2C /* UIConstants.swift */ = {isa = PBXFileReference; lastKnownFileType = sourcecode.swift; path = UIConstants.swift; sourceTree = "<group>"; };
		05A0664E264C7FBD00A64EE5 /* StateManager.swift */ = {isa = PBXFileReference; lastKnownFileType = sourcecode.swift; path = StateManager.swift; sourceTree = "<group>"; };
		05A06650264C854000A64EE5 /* ErrorView.xib */ = {isa = PBXFileReference; lastKnownFileType = file.xib; path = ErrorView.xib; sourceTree = "<group>"; };
		05A06652264C85C500A64EE5 /* ErrorView.swift */ = {isa = PBXFileReference; lastKnownFileType = sourcecode.swift; path = ErrorView.swift; sourceTree = "<group>"; };
		05AD5F3E2624B9B700355F1B /* NetworkRequest.swift */ = {isa = PBXFileReference; lastKnownFileType = sourcecode.swift; path = NetworkRequest.swift; sourceTree = "<group>"; };
		05AD5F462624BC6300355F1B /* ZService.swift */ = {isa = PBXFileReference; lastKnownFileType = sourcecode.swift; path = ZService.swift; sourceTree = "<group>"; };
		05AD5F6126262CEE00355F1B /* AuthResponseModel.swift */ = {isa = PBXFileReference; lastKnownFileType = sourcecode.swift; path = AuthResponseModel.swift; sourceTree = "<group>"; };
		05AD5F6D262755B300355F1B /* TabBarViewController.swift */ = {isa = PBXFileReference; lastKnownFileType = sourcecode.swift; path = TabBarViewController.swift; sourceTree = "<group>"; };
		05AD5F7226275B3D00355F1B /* NetworkError.swift */ = {isa = PBXFileReference; lastKnownFileType = sourcecode.swift; path = NetworkError.swift; sourceTree = "<group>"; };
		05AD5F812628B43500355F1B /* ProfileViewController.swift */ = {isa = PBXFileReference; lastKnownFileType = sourcecode.swift; path = ProfileViewController.swift; sourceTree = "<group>"; };
		05AD5F862628B48300355F1B /* TransactionsViewController.swift */ = {isa = PBXFileReference; lastKnownFileType = sourcecode.swift; path = TransactionsViewController.swift; sourceTree = "<group>"; };
		05AD5F9C2628CBDD00355F1B /* DiffRequestModel.swift */ = {isa = PBXFileReference; lastKnownFileType = sourcecode.swift; path = DiffRequestModel.swift; sourceTree = "<group>"; };
		05AD5FA12628D0CD00355F1B /* DiffResponseModel.swift */ = {isa = PBXFileReference; lastKnownFileType = sourcecode.swift; path = DiffResponseModel.swift; sourceTree = "<group>"; };
		05B93E2025D0442E0089E7A8 /* zmoney.app */ = {isa = PBXFileReference; explicitFileType = wrapper.application; includeInIndex = 0; path = zmoney.app; sourceTree = BUILT_PRODUCTS_DIR; };
		05B93E2325D0442E0089E7A8 /* AppDelegate.swift */ = {isa = PBXFileReference; lastKnownFileType = sourcecode.swift; path = AppDelegate.swift; sourceTree = "<group>"; };
		05B93E2525D0442E0089E7A8 /* SceneDelegate.swift */ = {isa = PBXFileReference; lastKnownFileType = sourcecode.swift; path = SceneDelegate.swift; sourceTree = "<group>"; };
		05B93E2725D0442E0089E7A8 /* LoginViewController.swift */ = {isa = PBXFileReference; lastKnownFileType = sourcecode.swift; path = LoginViewController.swift; sourceTree = "<group>"; };
		05B93E2A25D0442E0089E7A8 /* Base */ = {isa = PBXFileReference; lastKnownFileType = file.storyboard; name = Base; path = Base.lproj/Main.storyboard; sourceTree = "<group>"; };
		05B93E2C25D0442F0089E7A8 /* Assets.xcassets */ = {isa = PBXFileReference; lastKnownFileType = folder.assetcatalog; path = Assets.xcassets; sourceTree = "<group>"; };
		05B93E2F25D0442F0089E7A8 /* Base */ = {isa = PBXFileReference; lastKnownFileType = file.storyboard; name = Base; path = Base.lproj/LaunchScreen.storyboard; sourceTree = "<group>"; };
		05B93E3125D0442F0089E7A8 /* Info.plist */ = {isa = PBXFileReference; lastKnownFileType = text.plist.xml; path = Info.plist; sourceTree = "<group>"; };
		05B93E3625D0442F0089E7A8 /* zmoneyTests.xctest */ = {isa = PBXFileReference; explicitFileType = wrapper.cfbundle; includeInIndex = 0; path = zmoneyTests.xctest; sourceTree = BUILT_PRODUCTS_DIR; };
		05B93E3A25D0442F0089E7A8 /* TokenServiceTests.swift */ = {isa = PBXFileReference; lastKnownFileType = sourcecode.swift; path = TokenServiceTests.swift; sourceTree = "<group>"; };
		05B93E3C25D0442F0089E7A8 /* Info.plist */ = {isa = PBXFileReference; lastKnownFileType = text.plist.xml; path = Info.plist; sourceTree = "<group>"; };
		05B93E4125D0442F0089E7A8 /* zmoneyUITests.xctest */ = {isa = PBXFileReference; explicitFileType = wrapper.cfbundle; includeInIndex = 0; path = zmoneyUITests.xctest; sourceTree = BUILT_PRODUCTS_DIR; };
		05B93E4525D0442F0089E7A8 /* zmoneyUITests.swift */ = {isa = PBXFileReference; lastKnownFileType = sourcecode.swift; path = zmoneyUITests.swift; sourceTree = "<group>"; };
		05B93E4725D0442F0089E7A8 /* Info.plist */ = {isa = PBXFileReference; lastKnownFileType = text.plist.xml; path = Info.plist; sourceTree = "<group>"; };
		05CF433C264C9D5700A1FCAE /* LoadingView.xib */ = {isa = PBXFileReference; lastKnownFileType = file.xib; path = LoadingView.xib; sourceTree = "<group>"; };
		05CF433E264C9DB500A1FCAE /* LoadingView.swift */ = {isa = PBXFileReference; lastKnownFileType = sourcecode.swift; path = LoadingView.swift; sourceTree = "<group>"; };
		05CF4341264CAFE600A1FCAE /* JSONTestable.swift */ = {isa = PBXFileReference; lastKnownFileType = sourcecode.swift; path = JSONTestable.swift; sourceTree = "<group>"; };
		05CF4344264D39C200A1FCAE /* TestConstants.swift */ = {isa = PBXFileReference; lastKnownFileType = sourcecode.swift; path = TestConstants.swift; sourceTree = "<group>"; };
		05D072DA2662AC0F00887A5B /* DateFormatter+Extensions.swift */ = {isa = PBXFileReference; lastKnownFileType = sourcecode.swift; path = "DateFormatter+Extensions.swift"; sourceTree = "<group>"; };
		05D3E9B7262A001300E9C234 /* TransactionCell.swift */ = {isa = PBXFileReference; lastKnownFileType = sourcecode.swift; path = TransactionCell.swift; sourceTree = "<group>"; };
		23868946E70FC2287A02AE67 /* Pods_zmoneyTests.framework */ = {isa = PBXFileReference; explicitFileType = wrapper.framework; includeInIndex = 0; path = Pods_zmoneyTests.framework; sourceTree = BUILT_PRODUCTS_DIR; };
		2D1226F424B06A39779B7676 /* Pods-zmoneyTests.debug.xcconfig */ = {isa = PBXFileReference; includeInIndex = 1; lastKnownFileType = text.xcconfig; name = "Pods-zmoneyTests.debug.xcconfig"; path = "Target Support Files/Pods-zmoneyTests/Pods-zmoneyTests.debug.xcconfig"; sourceTree = "<group>"; };
		34003AEE6E15B9BBD74D9309 /* Pods-zmoney-zmoneyUITests.release.xcconfig */ = {isa = PBXFileReference; includeInIndex = 1; lastKnownFileType = text.xcconfig; name = "Pods-zmoney-zmoneyUITests.release.xcconfig"; path = "Target Support Files/Pods-zmoney-zmoneyUITests/Pods-zmoney-zmoneyUITests.release.xcconfig"; sourceTree = "<group>"; };
		940334E206C842F52A2F7F1C /* Pods-zmoneyTests.release.xcconfig */ = {isa = PBXFileReference; includeInIndex = 1; lastKnownFileType = text.xcconfig; name = "Pods-zmoneyTests.release.xcconfig"; path = "Target Support Files/Pods-zmoneyTests/Pods-zmoneyTests.release.xcconfig"; sourceTree = "<group>"; };
		957310B10DB177304FCD44E9 /* Pods_zmoney.framework */ = {isa = PBXFileReference; explicitFileType = wrapper.framework; includeInIndex = 0; path = Pods_zmoney.framework; sourceTree = BUILT_PRODUCTS_DIR; };
		B29313521288936CC02BDF12 /* Pods-zmoney.release.xcconfig */ = {isa = PBXFileReference; includeInIndex = 1; lastKnownFileType = text.xcconfig; name = "Pods-zmoney.release.xcconfig"; path = "Target Support Files/Pods-zmoney/Pods-zmoney.release.xcconfig"; sourceTree = "<group>"; };
		C90E6DE19B2FBB68F5DFABC9 /* Pods-zmoney.debug.xcconfig */ = {isa = PBXFileReference; includeInIndex = 1; lastKnownFileType = text.xcconfig; name = "Pods-zmoney.debug.xcconfig"; path = "Target Support Files/Pods-zmoney/Pods-zmoney.debug.xcconfig"; sourceTree = "<group>"; };
		DA355404053A7CED218A4354 /* Pods_zmoney_zmoneyUITests.framework */ = {isa = PBXFileReference; explicitFileType = wrapper.framework; includeInIndex = 0; path = Pods_zmoney_zmoneyUITests.framework; sourceTree = BUILT_PRODUCTS_DIR; };
		F4B127ADFF97C9E149A4ECA6 /* Pods-zmoney-zmoneyUITests.debug.xcconfig */ = {isa = PBXFileReference; includeInIndex = 1; lastKnownFileType = text.xcconfig; name = "Pods-zmoney-zmoneyUITests.debug.xcconfig"; path = "Target Support Files/Pods-zmoney-zmoneyUITests/Pods-zmoney-zmoneyUITests.debug.xcconfig"; sourceTree = "<group>"; };
/* End PBXFileReference section */

/* Begin PBXFrameworksBuildPhase section */
		05B93E1D25D0442E0089E7A8 /* Frameworks */ = {
			isa = PBXFrameworksBuildPhase;
			buildActionMask = 2147483647;
			files = (
				D36D84F67B18323B33FCDBFB /* Pods_zmoney.framework in Frameworks */,
			);
			runOnlyForDeploymentPostprocessing = 0;
		};
		05B93E3325D0442F0089E7A8 /* Frameworks */ = {
			isa = PBXFrameworksBuildPhase;
			buildActionMask = 2147483647;
			files = (
				DC44E7E2F6F4BF91E49774A0 /* Pods_zmoneyTests.framework in Frameworks */,
			);
			runOnlyForDeploymentPostprocessing = 0;
		};
		05B93E3E25D0442F0089E7A8 /* Frameworks */ = {
			isa = PBXFrameworksBuildPhase;
			buildActionMask = 2147483647;
			files = (
				5442A2E1A16ACDFE3EA473C8 /* Pods_zmoney_zmoneyUITests.framework in Frameworks */,
			);
			runOnlyForDeploymentPostprocessing = 0;
		};
/* End PBXFrameworksBuildPhase section */

/* Begin PBXGroup section */
		0555FCB1263B383200099E0B /* TransactionCell */ = {
			isa = PBXGroup;
			children = (
				05D3E9B7262A001300E9C234 /* TransactionCell.swift */,
				0555FCB2263B385900099E0B /* TransactionCellModel.swift */,
			);
			path = TransactionCell;
			sourceTree = "<group>";
		};
		0580D23F2645ABA600BEFA25 /* Models */ = {
			isa = PBXGroup;
			children = (
				0580D23B2645A3B500BEFA25 /* NetworkErrorTests.swift */,
				05B93E3A25D0442F0089E7A8 /* TokenServiceTests.swift */,
				0580D2412645BBAC00BEFA25 /* TransactionCellModelTests.swift */,
				0580D2432649B95800BEFA25 /* DiffResponseModelTests.swift */,
			);
			path = Models;
			sourceTree = "<group>";
		};
		0580D2402645ABB100BEFA25 /* Controllers */ = {
			isa = PBXGroup;
			children = (
			);
			path = Controllers;
			sourceTree = "<group>";
		};
		0598D6F3262F63FD00400A2C /* Extensions */ = {
			isa = PBXGroup;
			children = (
				0598D6D9262F208D00400A2C /* UIStoryboard+Extensions.swift */,
				0598D6DE262F272900400A2C /* UIViewController+Extensions.swift */,
				052C4823265A6E3900645DF4 /* UIImage+Extensions.swift */,
				05D072DA2662AC0F00887A5B /* DateFormatter+Extensions.swift */,
				056ED183266CDF710080D09E /* UIColor+Extensions.swift */,
			);
			path = Extensions;
			sourceTree = "<group>";
		};
		0598D6F4262F641B00400A2C /* Network */ = {
			isa = PBXGroup;
			children = (
				05AD5F3E2624B9B700355F1B /* NetworkRequest.swift */,
				055ADEF2262E0B62001DCF5A /* TokenService.swift */,
				05AD5F6126262CEE00355F1B /* AuthResponseModel.swift */,
				05AD5F7226275B3D00355F1B /* NetworkError.swift */,
				05AD5F9C2628CBDD00355F1B /* DiffRequestModel.swift */,
				05AD5FA12628D0CD00355F1B /* DiffResponseModel.swift */,
				05AD5F462624BC6300355F1B /* ZService.swift */,
			);
			path = Network;
			sourceTree = "<group>";
		};
		0598D6F5262F645C00400A2C /* Constants */ = {
			isa = PBXGroup;
			children = (
				0598D6D4262F1DE500400A2C /* Notifications.swift */,
				0598D6EB262F60E600400A2C /* UIConstants.swift */,
			);
			path = Constants;
			sourceTree = "<group>";
		};
		05AD5F392624B5EB00355F1B /* Models */ = {
			isa = PBXGroup;
			children = (
				0555FCB1263B383200099E0B /* TransactionCell */,
				0598D6F5262F645C00400A2C /* Constants */,
				0598D6F4262F641B00400A2C /* Network */,
				0598D6F3262F63FD00400A2C /* Extensions */,
				0559470A2634C0F200CE727C /* ApplicationCoordinator.swift */,
				05A0664E264C7FBD00A64EE5 /* StateManager.swift */,
			);
			path = Models;
			sourceTree = "<group>";
		};
		05AD5F3A2624B5F300355F1B /* Views */ = {
			isa = PBXGroup;
			children = (
				05B93E2925D0442E0089E7A8 /* Main.storyboard */,
				05B93E2E25D0442F0089E7A8 /* LaunchScreen.storyboard */,
				05A06652264C85C500A64EE5 /* ErrorView.swift */,
				05A06650264C854000A64EE5 /* ErrorView.xib */,
				05CF433E264C9DB500A1FCAE /* LoadingView.swift */,
				05CF433C264C9D5700A1FCAE /* LoadingView.xib */,
			);
			path = Views;
			sourceTree = "<group>";
		};
		05AD5F3B2624B5FF00355F1B /* Controllers */ = {
			isa = PBXGroup;
			children = (
				05AD5F862628B48300355F1B /* TransactionsViewController.swift */,
				0555FCAF2638A28300099E0B /* TransactionDetailViewController.swift */,
				05AD5F812628B43500355F1B /* ProfileViewController.swift */,
				05B93E2725D0442E0089E7A8 /* LoginViewController.swift */,
				05AD5F6D262755B300355F1B /* TabBarViewController.swift */,
			);
			path = Controllers;
			sourceTree = "<group>";
		};
		05B93E1725D0442E0089E7A8 = {
			isa = PBXGroup;
			children = (
				05B93E2225D0442E0089E7A8 /* zmoney */,
				05B93E3925D0442F0089E7A8 /* zmoneyTests */,
				05B93E4425D0442F0089E7A8 /* zmoneyUITests */,
				05B93E2125D0442E0089E7A8 /* Products */,
				C1A0EA7354EB85D39B6584D6 /* Pods */,
				7647DEE38BE90014AAE34358 /* Frameworks */,
			);
			sourceTree = "<group>";
		};
		05B93E2125D0442E0089E7A8 /* Products */ = {
			isa = PBXGroup;
			children = (
				05B93E2025D0442E0089E7A8 /* zmoney.app */,
				05B93E3625D0442F0089E7A8 /* zmoneyTests.xctest */,
				05B93E4125D0442F0089E7A8 /* zmoneyUITests.xctest */,
			);
			name = Products;
			sourceTree = "<group>";
		};
		05B93E2225D0442E0089E7A8 /* zmoney */ = {
			isa = PBXGroup;
			children = (
				05AD5F392624B5EB00355F1B /* Models */,
				05AD5F3A2624B5F300355F1B /* Views */,
				05AD5F3B2624B5FF00355F1B /* Controllers */,
				05B93E2325D0442E0089E7A8 /* AppDelegate.swift */,
				05B93E2525D0442E0089E7A8 /* SceneDelegate.swift */,
				05B93E2C25D0442F0089E7A8 /* Assets.xcassets */,
				05B93E3125D0442F0089E7A8 /* Info.plist */,
			);
			path = zmoney;
			sourceTree = "<group>";
		};
		05B93E3925D0442F0089E7A8 /* zmoneyTests */ = {
			isa = PBXGroup;
			children = (
				05CF4343264D39AD00A1FCAE /* Fixtures */,
				05CF4340264CAF9500A1FCAE /* Helpers */,
				0580D23F2645ABA600BEFA25 /* Models */,
				0580D2402645ABB100BEFA25 /* Controllers */,
				05B93E3C25D0442F0089E7A8 /* Info.plist */,
			);
			path = zmoneyTests;
			sourceTree = "<group>";
		};
		05B93E4425D0442F0089E7A8 /* zmoneyUITests */ = {
			isa = PBXGroup;
			children = (
				05B93E4525D0442F0089E7A8 /* zmoneyUITests.swift */,
				05B93E4725D0442F0089E7A8 /* Info.plist */,
			);
			path = zmoneyUITests;
			sourceTree = "<group>";
		};
		05CF4340264CAF9500A1FCAE /* Helpers */ = {
			isa = PBXGroup;
			children = (
				05CF4341264CAFE600A1FCAE /* JSONTestable.swift */,
			);
			path = Helpers;
			sourceTree = "<group>";
		};
		05CF4343264D39AD00A1FCAE /* Fixtures */ = {
			isa = PBXGroup;
			children = (
				0544BE4126518601001AF1B9 /* diff_response_full.json */,
				055C51B7264D5A63004DCA10 /* diff_response_partial.json */,
				05CF4344264D39C200A1FCAE /* TestConstants.swift */,
			);
			path = Fixtures;
			sourceTree = "<group>";
		};
		7647DEE38BE90014AAE34358 /* Frameworks */ = {
			isa = PBXGroup;
			children = (
				957310B10DB177304FCD44E9 /* Pods_zmoney.framework */,
				DA355404053A7CED218A4354 /* Pods_zmoney_zmoneyUITests.framework */,
				23868946E70FC2287A02AE67 /* Pods_zmoneyTests.framework */,
			);
			name = Frameworks;
			sourceTree = "<group>";
		};
		C1A0EA7354EB85D39B6584D6 /* Pods */ = {
			isa = PBXGroup;
			children = (
				C90E6DE19B2FBB68F5DFABC9 /* Pods-zmoney.debug.xcconfig */,
				B29313521288936CC02BDF12 /* Pods-zmoney.release.xcconfig */,
				F4B127ADFF97C9E149A4ECA6 /* Pods-zmoney-zmoneyUITests.debug.xcconfig */,
				34003AEE6E15B9BBD74D9309 /* Pods-zmoney-zmoneyUITests.release.xcconfig */,
				2D1226F424B06A39779B7676 /* Pods-zmoneyTests.debug.xcconfig */,
				940334E206C842F52A2F7F1C /* Pods-zmoneyTests.release.xcconfig */,
			);
			path = Pods;
			sourceTree = "<group>";
		};
/* End PBXGroup section */

/* Begin PBXNativeTarget section */
		05B93E1F25D0442E0089E7A8 /* zmoney */ = {
			isa = PBXNativeTarget;
			buildConfigurationList = 05B93E4A25D0442F0089E7A8 /* Build configuration list for PBXNativeTarget "zmoney" */;
			buildPhases = (
				480756737CBB81C1A48F9C38 /* [CP] Check Pods Manifest.lock */,
				05B93E1C25D0442E0089E7A8 /* Sources */,
				05B93E1D25D0442E0089E7A8 /* Frameworks */,
				05B93E1E25D0442E0089E7A8 /* Resources */,
				056F8AEF25F2CF02009DDFD0 /* ShellScript */,
				B18E37204F58F47CD51B551C /* [CP] Embed Pods Frameworks */,
			);
			buildRules = (
			);
			dependencies = (
			);
			name = zmoney;
			productName = zmoney;
			productReference = 05B93E2025D0442E0089E7A8 /* zmoney.app */;
			productType = "com.apple.product-type.application";
		};
		05B93E3525D0442F0089E7A8 /* zmoneyTests */ = {
			isa = PBXNativeTarget;
			buildConfigurationList = 05B93E4D25D0442F0089E7A8 /* Build configuration list for PBXNativeTarget "zmoneyTests" */;
			buildPhases = (
				4E04E7AE5E0CFE618120C76E /* [CP] Check Pods Manifest.lock */,
				05B93E3225D0442F0089E7A8 /* Sources */,
				05B93E3325D0442F0089E7A8 /* Frameworks */,
				05B93E3425D0442F0089E7A8 /* Resources */,
			);
			buildRules = (
			);
			dependencies = (
				05B93E3825D0442F0089E7A8 /* PBXTargetDependency */,
			);
			name = zmoneyTests;
			productName = zmoneyTests;
			productReference = 05B93E3625D0442F0089E7A8 /* zmoneyTests.xctest */;
			productType = "com.apple.product-type.bundle.unit-test";
		};
		05B93E4025D0442F0089E7A8 /* zmoneyUITests */ = {
			isa = PBXNativeTarget;
			buildConfigurationList = 05B93E5025D0442F0089E7A8 /* Build configuration list for PBXNativeTarget "zmoneyUITests" */;
			buildPhases = (
				2AA2168520546271F9DFC67B /* [CP] Check Pods Manifest.lock */,
				05B93E3D25D0442F0089E7A8 /* Sources */,
				05B93E3E25D0442F0089E7A8 /* Frameworks */,
				05B93E3F25D0442F0089E7A8 /* Resources */,
				0528FEF1ED3159B3A671A818 /* [CP] Embed Pods Frameworks */,
			);
			buildRules = (
			);
			dependencies = (
				05B93E4325D0442F0089E7A8 /* PBXTargetDependency */,
			);
			name = zmoneyUITests;
			productName = zmoneyUITests;
			productReference = 05B93E4125D0442F0089E7A8 /* zmoneyUITests.xctest */;
			productType = "com.apple.product-type.bundle.ui-testing";
		};
/* End PBXNativeTarget section */

/* Begin PBXProject section */
		05B93E1825D0442E0089E7A8 /* Project object */ = {
			isa = PBXProject;
			attributes = {
				LastSwiftUpdateCheck = 1220;
				LastUpgradeCheck = 1220;
				TargetAttributes = {
					05B93E1F25D0442E0089E7A8 = {
						CreatedOnToolsVersion = 12.2;
					};
					05B93E3525D0442F0089E7A8 = {
						CreatedOnToolsVersion = 12.2;
						TestTargetID = 05B93E1F25D0442E0089E7A8;
					};
					05B93E4025D0442F0089E7A8 = {
						CreatedOnToolsVersion = 12.2;
						TestTargetID = 05B93E1F25D0442E0089E7A8;
					};
				};
			};
			buildConfigurationList = 05B93E1B25D0442E0089E7A8 /* Build configuration list for PBXProject "zmoney" */;
			compatibilityVersion = "Xcode 9.3";
			developmentRegion = en;
			hasScannedForEncodings = 0;
			knownRegions = (
				en,
				Base,
			);
			mainGroup = 05B93E1725D0442E0089E7A8;
			productRefGroup = 05B93E2125D0442E0089E7A8 /* Products */;
			projectDirPath = "";
			projectRoot = "";
			targets = (
				05B93E1F25D0442E0089E7A8 /* zmoney */,
				05B93E3525D0442F0089E7A8 /* zmoneyTests */,
				05B93E4025D0442F0089E7A8 /* zmoneyUITests */,
			);
		};
/* End PBXProject section */

/* Begin PBXResourcesBuildPhase section */
		05B93E1E25D0442E0089E7A8 /* Resources */ = {
			isa = PBXResourcesBuildPhase;
			buildActionMask = 2147483647;
			files = (
				056F8B0E25F6B314009DDFD0 /* Main.storyboard in Resources */,
				05B93E3025D0442F0089E7A8 /* LaunchScreen.storyboard in Resources */,
				05B93E2D25D0442F0089E7A8 /* Assets.xcassets in Resources */,
				05A06651264C854000A64EE5 /* ErrorView.xib in Resources */,
				05CF433D264C9D5700A1FCAE /* LoadingView.xib in Resources */,
			);
			runOnlyForDeploymentPostprocessing = 0;
		};
		05B93E3425D0442F0089E7A8 /* Resources */ = {
			isa = PBXResourcesBuildPhase;
			buildActionMask = 2147483647;
			files = (
				055C51B8264D5A63004DCA10 /* diff_response_partial.json in Resources */,
				0544BE4226518601001AF1B9 /* diff_response_full.json in Resources */,
			);
			runOnlyForDeploymentPostprocessing = 0;
		};
		05B93E3F25D0442F0089E7A8 /* Resources */ = {
			isa = PBXResourcesBuildPhase;
			buildActionMask = 2147483647;
			files = (
			);
			runOnlyForDeploymentPostprocessing = 0;
		};
/* End PBXResourcesBuildPhase section */

/* Begin PBXShellScriptBuildPhase section */
		0528FEF1ED3159B3A671A818 /* [CP] Embed Pods Frameworks */ = {
			isa = PBXShellScriptBuildPhase;
			buildActionMask = 2147483647;
			files = (
			);
			inputFileListPaths = (
				"${PODS_ROOT}/Target Support Files/Pods-zmoney-zmoneyUITests/Pods-zmoney-zmoneyUITests-frameworks-${CONFIGURATION}-input-files.xcfilelist",
			);
			name = "[CP] Embed Pods Frameworks";
			outputFileListPaths = (
				"${PODS_ROOT}/Target Support Files/Pods-zmoney-zmoneyUITests/Pods-zmoney-zmoneyUITests-frameworks-${CONFIGURATION}-output-files.xcfilelist",
			);
			runOnlyForDeploymentPostprocessing = 0;
			shellPath = /bin/sh;
			shellScript = "\"${PODS_ROOT}/Target Support Files/Pods-zmoney-zmoneyUITests/Pods-zmoney-zmoneyUITests-frameworks.sh\"\n";
			showEnvVarsInLog = 0;
		};
		056F8AEF25F2CF02009DDFD0 /* ShellScript */ = {
			isa = PBXShellScriptBuildPhase;
			buildActionMask = 2147483647;
			files = (
			);
			inputFileListPaths = (
			);
			inputPaths = (
			);
			outputFileListPaths = (
			);
			outputPaths = (
			);
			runOnlyForDeploymentPostprocessing = 0;
			shellPath = /bin/sh;
			shellScript = "if which swiftlint >/dev/null; then\n  swiftlint\nelse\n  echo \"warning: SwiftLint not installed, download from https://github.com/realm/SwiftLint\"\nfi\n";
		};
		2AA2168520546271F9DFC67B /* [CP] Check Pods Manifest.lock */ = {
			isa = PBXShellScriptBuildPhase;
			buildActionMask = 2147483647;
			files = (
			);
			inputFileListPaths = (
			);
			inputPaths = (
				"${PODS_PODFILE_DIR_PATH}/Podfile.lock",
				"${PODS_ROOT}/Manifest.lock",
			);
			name = "[CP] Check Pods Manifest.lock";
			outputFileListPaths = (
			);
			outputPaths = (
				"$(DERIVED_FILE_DIR)/Pods-zmoney-zmoneyUITests-checkManifestLockResult.txt",
			);
			runOnlyForDeploymentPostprocessing = 0;
			shellPath = /bin/sh;
			shellScript = "diff \"${PODS_PODFILE_DIR_PATH}/Podfile.lock\" \"${PODS_ROOT}/Manifest.lock\" > /dev/null\nif [ $? != 0 ] ; then\n    # print error to STDERR\n    echo \"error: The sandbox is not in sync with the Podfile.lock. Run 'pod install' or update your CocoaPods installation.\" >&2\n    exit 1\nfi\n# This output is used by Xcode 'outputs' to avoid re-running this script phase.\necho \"SUCCESS\" > \"${SCRIPT_OUTPUT_FILE_0}\"\n";
			showEnvVarsInLog = 0;
		};
		480756737CBB81C1A48F9C38 /* [CP] Check Pods Manifest.lock */ = {
			isa = PBXShellScriptBuildPhase;
			buildActionMask = 2147483647;
			files = (
			);
			inputFileListPaths = (
			);
			inputPaths = (
				"${PODS_PODFILE_DIR_PATH}/Podfile.lock",
				"${PODS_ROOT}/Manifest.lock",
			);
			name = "[CP] Check Pods Manifest.lock";
			outputFileListPaths = (
			);
			outputPaths = (
				"$(DERIVED_FILE_DIR)/Pods-zmoney-checkManifestLockResult.txt",
			);
			runOnlyForDeploymentPostprocessing = 0;
			shellPath = /bin/sh;
			shellScript = "diff \"${PODS_PODFILE_DIR_PATH}/Podfile.lock\" \"${PODS_ROOT}/Manifest.lock\" > /dev/null\nif [ $? != 0 ] ; then\n    # print error to STDERR\n    echo \"error: The sandbox is not in sync with the Podfile.lock. Run 'pod install' or update your CocoaPods installation.\" >&2\n    exit 1\nfi\n# This output is used by Xcode 'outputs' to avoid re-running this script phase.\necho \"SUCCESS\" > \"${SCRIPT_OUTPUT_FILE_0}\"\n";
			showEnvVarsInLog = 0;
		};
		4E04E7AE5E0CFE618120C76E /* [CP] Check Pods Manifest.lock */ = {
			isa = PBXShellScriptBuildPhase;
			buildActionMask = 2147483647;
			files = (
			);
			inputFileListPaths = (
			);
			inputPaths = (
				"${PODS_PODFILE_DIR_PATH}/Podfile.lock",
				"${PODS_ROOT}/Manifest.lock",
			);
			name = "[CP] Check Pods Manifest.lock";
			outputFileListPaths = (
			);
			outputPaths = (
				"$(DERIVED_FILE_DIR)/Pods-zmoneyTests-checkManifestLockResult.txt",
			);
			runOnlyForDeploymentPostprocessing = 0;
			shellPath = /bin/sh;
			shellScript = "diff \"${PODS_PODFILE_DIR_PATH}/Podfile.lock\" \"${PODS_ROOT}/Manifest.lock\" > /dev/null\nif [ $? != 0 ] ; then\n    # print error to STDERR\n    echo \"error: The sandbox is not in sync with the Podfile.lock. Run 'pod install' or update your CocoaPods installation.\" >&2\n    exit 1\nfi\n# This output is used by Xcode 'outputs' to avoid re-running this script phase.\necho \"SUCCESS\" > \"${SCRIPT_OUTPUT_FILE_0}\"\n";
			showEnvVarsInLog = 0;
		};
		B18E37204F58F47CD51B551C /* [CP] Embed Pods Frameworks */ = {
			isa = PBXShellScriptBuildPhase;
			buildActionMask = 2147483647;
			files = (
			);
			inputFileListPaths = (
				"${PODS_ROOT}/Target Support Files/Pods-zmoney/Pods-zmoney-frameworks-${CONFIGURATION}-input-files.xcfilelist",
			);
			name = "[CP] Embed Pods Frameworks";
			outputFileListPaths = (
				"${PODS_ROOT}/Target Support Files/Pods-zmoney/Pods-zmoney-frameworks-${CONFIGURATION}-output-files.xcfilelist",
			);
			runOnlyForDeploymentPostprocessing = 0;
			shellPath = /bin/sh;
			shellScript = "\"${PODS_ROOT}/Target Support Files/Pods-zmoney/Pods-zmoney-frameworks.sh\"\n";
			showEnvVarsInLog = 0;
		};
/* End PBXShellScriptBuildPhase section */

/* Begin PBXSourcesBuildPhase section */
		05B93E1C25D0442E0089E7A8 /* Sources */ = {
			isa = PBXSourcesBuildPhase;
			buildActionMask = 2147483647;
			files = (
				0598D6D5262F1DE500400A2C /* Notifications.swift in Sources */,
				05AD5F6226262CEE00355F1B /* AuthResponseModel.swift in Sources */,
				052C4824265A6E3900645DF4 /* UIImage+Extensions.swift in Sources */,
				05AD5F7326275B3D00355F1B /* NetworkError.swift in Sources */,
				05B93E2825D0442E0089E7A8 /* LoginViewController.swift in Sources */,
				055ADEF3262E0B62001DCF5A /* TokenService.swift in Sources */,
				05CF433F264C9DB500A1FCAE /* LoadingView.swift in Sources */,
				0598D6DF262F272900400A2C /* UIViewController+Extensions.swift in Sources */,
				05B93E2425D0442E0089E7A8 /* AppDelegate.swift in Sources */,
				05AD5F872628B48300355F1B /* TransactionsViewController.swift in Sources */,
				05A06653264C85C500A64EE5 /* ErrorView.swift in Sources */,
				05AD5F9D2628CBDD00355F1B /* DiffRequestModel.swift in Sources */,
				05AD5F3F2624B9B700355F1B /* NetworkRequest.swift in Sources */,
				05AD5F6E262755B300355F1B /* TabBarViewController.swift in Sources */,
				0555FCB3263B385900099E0B /* TransactionCellModel.swift in Sources */,
				0598D6DA262F208D00400A2C /* UIStoryboard+Extensions.swift in Sources */,
				05AD5F822628B43500355F1B /* ProfileViewController.swift in Sources */,
				05D3E9B8262A001300E9C234 /* TransactionCell.swift in Sources */,
				05A0664F264C7FBD00A64EE5 /* StateManager.swift in Sources */,
				05B93E2625D0442E0089E7A8 /* SceneDelegate.swift in Sources */,
				0559470B2634C0F200CE727C /* ApplicationCoordinator.swift in Sources */,
				0555FCB02638A28300099E0B /* TransactionDetailViewController.swift in Sources */,
				05AD5F472624BC6300355F1B /* ZService.swift in Sources */,
				05AD5FA22628D0CD00355F1B /* DiffResponseModel.swift in Sources */,
				05D072DB2662AC0F00887A5B /* DateFormatter+Extensions.swift in Sources */,
				056ED184266CDF710080D09E /* UIColor+Extensions.swift in Sources */,
				0598D6EC262F60E600400A2C /* UIConstants.swift in Sources */,
			);
			runOnlyForDeploymentPostprocessing = 0;
		};
		05B93E3225D0442F0089E7A8 /* Sources */ = {
			isa = PBXSourcesBuildPhase;
			buildActionMask = 2147483647;
			files = (
				05B93E3B25D0442F0089E7A8 /* TokenServiceTests.swift in Sources */,
				05CF4345264D39C200A1FCAE /* TestConstants.swift in Sources */,
				0580D23C2645A3B500BEFA25 /* NetworkErrorTests.swift in Sources */,
				0580D2422645BBAC00BEFA25 /* TransactionCellModelTests.swift in Sources */,
				0580D2442649B95800BEFA25 /* DiffResponseModelTests.swift in Sources */,
				05CF4342264CAFE600A1FCAE /* JSONTestable.swift in Sources */,
			);
			runOnlyForDeploymentPostprocessing = 0;
		};
		05B93E3D25D0442F0089E7A8 /* Sources */ = {
			isa = PBXSourcesBuildPhase;
			buildActionMask = 2147483647;
			files = (
				05B93E4625D0442F0089E7A8 /* zmoneyUITests.swift in Sources */,
			);
			runOnlyForDeploymentPostprocessing = 0;
		};
/* End PBXSourcesBuildPhase section */

/* Begin PBXTargetDependency section */
		05B93E3825D0442F0089E7A8 /* PBXTargetDependency */ = {
			isa = PBXTargetDependency;
			target = 05B93E1F25D0442E0089E7A8 /* zmoney */;
			targetProxy = 05B93E3725D0442F0089E7A8 /* PBXContainerItemProxy */;
		};
		05B93E4325D0442F0089E7A8 /* PBXTargetDependency */ = {
			isa = PBXTargetDependency;
			target = 05B93E1F25D0442E0089E7A8 /* zmoney */;
			targetProxy = 05B93E4225D0442F0089E7A8 /* PBXContainerItemProxy */;
		};
/* End PBXTargetDependency section */

/* Begin PBXVariantGroup section */
		05B93E2925D0442E0089E7A8 /* Main.storyboard */ = {
			isa = PBXVariantGroup;
			children = (
				05B93E2A25D0442E0089E7A8 /* Base */,
			);
			name = Main.storyboard;
			sourceTree = "<group>";
		};
		05B93E2E25D0442F0089E7A8 /* LaunchScreen.storyboard */ = {
			isa = PBXVariantGroup;
			children = (
				05B93E2F25D0442F0089E7A8 /* Base */,
			);
			name = LaunchScreen.storyboard;
			sourceTree = "<group>";
		};
/* End PBXVariantGroup section */

/* Begin XCBuildConfiguration section */
		05B93E4825D0442F0089E7A8 /* Debug */ = {
			isa = XCBuildConfiguration;
			buildSettings = {
				ALWAYS_SEARCH_USER_PATHS = NO;
				CLANG_ANALYZER_NONNULL = YES;
				CLANG_ANALYZER_NUMBER_OBJECT_CONVERSION = YES_AGGRESSIVE;
				CLANG_CXX_LANGUAGE_STANDARD = "gnu++14";
				CLANG_CXX_LIBRARY = "libc++";
				CLANG_ENABLE_MODULES = YES;
				CLANG_ENABLE_OBJC_ARC = YES;
				CLANG_ENABLE_OBJC_WEAK = YES;
				CLANG_WARN_BLOCK_CAPTURE_AUTORELEASING = YES;
				CLANG_WARN_BOOL_CONVERSION = YES;
				CLANG_WARN_COMMA = YES;
				CLANG_WARN_CONSTANT_CONVERSION = YES;
				CLANG_WARN_DEPRECATED_OBJC_IMPLEMENTATIONS = YES;
				CLANG_WARN_DIRECT_OBJC_ISA_USAGE = YES_ERROR;
				CLANG_WARN_DOCUMENTATION_COMMENTS = YES;
				CLANG_WARN_EMPTY_BODY = YES;
				CLANG_WARN_ENUM_CONVERSION = YES;
				CLANG_WARN_INFINITE_RECURSION = YES;
				CLANG_WARN_INT_CONVERSION = YES;
				CLANG_WARN_NON_LITERAL_NULL_CONVERSION = YES;
				CLANG_WARN_OBJC_IMPLICIT_RETAIN_SELF = YES;
				CLANG_WARN_OBJC_LITERAL_CONVERSION = YES;
				CLANG_WARN_OBJC_ROOT_CLASS = YES_ERROR;
				CLANG_WARN_QUOTED_INCLUDE_IN_FRAMEWORK_HEADER = YES;
				CLANG_WARN_RANGE_LOOP_ANALYSIS = YES;
				CLANG_WARN_STRICT_PROTOTYPES = YES;
				CLANG_WARN_SUSPICIOUS_MOVE = YES;
				CLANG_WARN_UNGUARDED_AVAILABILITY = YES_AGGRESSIVE;
				CLANG_WARN_UNREACHABLE_CODE = YES;
				CLANG_WARN__DUPLICATE_METHOD_MATCH = YES;
				COPY_PHASE_STRIP = NO;
				DEBUG_INFORMATION_FORMAT = dwarf;
				ENABLE_STRICT_OBJC_MSGSEND = YES;
				ENABLE_TESTABILITY = YES;
				GCC_C_LANGUAGE_STANDARD = gnu11;
				GCC_DYNAMIC_NO_PIC = NO;
				GCC_NO_COMMON_BLOCKS = YES;
				GCC_OPTIMIZATION_LEVEL = 0;
				GCC_PREPROCESSOR_DEFINITIONS = (
					"DEBUG=1",
					"$(inherited)",
				);
				GCC_WARN_64_TO_32_BIT_CONVERSION = YES;
				GCC_WARN_ABOUT_RETURN_TYPE = YES_ERROR;
				GCC_WARN_UNDECLARED_SELECTOR = YES;
				GCC_WARN_UNINITIALIZED_AUTOS = YES_AGGRESSIVE;
				GCC_WARN_UNUSED_FUNCTION = YES;
				GCC_WARN_UNUSED_VARIABLE = YES;
				IPHONEOS_DEPLOYMENT_TARGET = 14.2;
				MTL_ENABLE_DEBUG_INFO = INCLUDE_SOURCE;
				MTL_FAST_MATH = YES;
				ONLY_ACTIVE_ARCH = YES;
				SDKROOT = iphoneos;
				SWIFT_ACTIVE_COMPILATION_CONDITIONS = DEBUG;
				SWIFT_OPTIMIZATION_LEVEL = "-Onone";
			};
			name = Debug;
		};
		05B93E4925D0442F0089E7A8 /* Release */ = {
			isa = XCBuildConfiguration;
			buildSettings = {
				ALWAYS_SEARCH_USER_PATHS = NO;
				CLANG_ANALYZER_NONNULL = YES;
				CLANG_ANALYZER_NUMBER_OBJECT_CONVERSION = YES_AGGRESSIVE;
				CLANG_CXX_LANGUAGE_STANDARD = "gnu++14";
				CLANG_CXX_LIBRARY = "libc++";
				CLANG_ENABLE_MODULES = YES;
				CLANG_ENABLE_OBJC_ARC = YES;
				CLANG_ENABLE_OBJC_WEAK = YES;
				CLANG_WARN_BLOCK_CAPTURE_AUTORELEASING = YES;
				CLANG_WARN_BOOL_CONVERSION = YES;
				CLANG_WARN_COMMA = YES;
				CLANG_WARN_CONSTANT_CONVERSION = YES;
				CLANG_WARN_DEPRECATED_OBJC_IMPLEMENTATIONS = YES;
				CLANG_WARN_DIRECT_OBJC_ISA_USAGE = YES_ERROR;
				CLANG_WARN_DOCUMENTATION_COMMENTS = YES;
				CLANG_WARN_EMPTY_BODY = YES;
				CLANG_WARN_ENUM_CONVERSION = YES;
				CLANG_WARN_INFINITE_RECURSION = YES;
				CLANG_WARN_INT_CONVERSION = YES;
				CLANG_WARN_NON_LITERAL_NULL_CONVERSION = YES;
				CLANG_WARN_OBJC_IMPLICIT_RETAIN_SELF = YES;
				CLANG_WARN_OBJC_LITERAL_CONVERSION = YES;
				CLANG_WARN_OBJC_ROOT_CLASS = YES_ERROR;
				CLANG_WARN_QUOTED_INCLUDE_IN_FRAMEWORK_HEADER = YES;
				CLANG_WARN_RANGE_LOOP_ANALYSIS = YES;
				CLANG_WARN_STRICT_PROTOTYPES = YES;
				CLANG_WARN_SUSPICIOUS_MOVE = YES;
				CLANG_WARN_UNGUARDED_AVAILABILITY = YES_AGGRESSIVE;
				CLANG_WARN_UNREACHABLE_CODE = YES;
				CLANG_WARN__DUPLICATE_METHOD_MATCH = YES;
				COPY_PHASE_STRIP = NO;
				DEBUG_INFORMATION_FORMAT = "dwarf-with-dsym";
				ENABLE_NS_ASSERTIONS = NO;
				ENABLE_STRICT_OBJC_MSGSEND = YES;
				GCC_C_LANGUAGE_STANDARD = gnu11;
				GCC_NO_COMMON_BLOCKS = YES;
				GCC_WARN_64_TO_32_BIT_CONVERSION = YES;
				GCC_WARN_ABOUT_RETURN_TYPE = YES_ERROR;
				GCC_WARN_UNDECLARED_SELECTOR = YES;
				GCC_WARN_UNINITIALIZED_AUTOS = YES_AGGRESSIVE;
				GCC_WARN_UNUSED_FUNCTION = YES;
				GCC_WARN_UNUSED_VARIABLE = YES;
				IPHONEOS_DEPLOYMENT_TARGET = 14.2;
				MTL_ENABLE_DEBUG_INFO = NO;
				MTL_FAST_MATH = YES;
				SDKROOT = iphoneos;
				SWIFT_COMPILATION_MODE = wholemodule;
				SWIFT_OPTIMIZATION_LEVEL = "-O";
				VALIDATE_PRODUCT = YES;
			};
			name = Release;
		};
		05B93E4B25D0442F0089E7A8 /* Debug */ = {
			isa = XCBuildConfiguration;
			baseConfigurationReference = C90E6DE19B2FBB68F5DFABC9 /* Pods-zmoney.debug.xcconfig */;
			buildSettings = {
				ASSETCATALOG_COMPILER_APPICON_NAME = AppIcon;
				ASSETCATALOG_COMPILER_GLOBAL_ACCENT_COLOR_NAME = AccentColor;
				CODE_SIGN_STYLE = Automatic;
				INFOPLIST_FILE = zmoney/Info.plist;
				LD_RUNPATH_SEARCH_PATHS = (
					"$(inherited)",
					"@executable_path/Frameworks",
				);
				PRODUCT_BUNDLE_IDENTIFIER = com.twttrio.zmoney;
				PRODUCT_NAME = "$(TARGET_NAME)";
				SWIFT_VERSION = 5.0;
				TARGETED_DEVICE_FAMILY = "1,2";
			};
			name = Debug;
		};
		05B93E4C25D0442F0089E7A8 /* Release */ = {
			isa = XCBuildConfiguration;
			baseConfigurationReference = B29313521288936CC02BDF12 /* Pods-zmoney.release.xcconfig */;
			buildSettings = {
				ASSETCATALOG_COMPILER_APPICON_NAME = AppIcon;
				ASSETCATALOG_COMPILER_GLOBAL_ACCENT_COLOR_NAME = AccentColor;
				CODE_SIGN_STYLE = Automatic;
				INFOPLIST_FILE = zmoney/Info.plist;
				LD_RUNPATH_SEARCH_PATHS = (
					"$(inherited)",
					"@executable_path/Frameworks",
				);
				PRODUCT_BUNDLE_IDENTIFIER = com.twttrio.zmoney;
				PRODUCT_NAME = "$(TARGET_NAME)";
				SWIFT_VERSION = 5.0;
				TARGETED_DEVICE_FAMILY = "1,2";
			};
			name = Release;
		};
		05B93E4E25D0442F0089E7A8 /* Debug */ = {
			isa = XCBuildConfiguration;
			baseConfigurationReference = 2D1226F424B06A39779B7676 /* Pods-zmoneyTests.debug.xcconfig */;
			buildSettings = {
				ALWAYS_EMBED_SWIFT_STANDARD_LIBRARIES = YES;
				BUNDLE_LOADER = "$(TEST_HOST)";
				CODE_SIGN_STYLE = Automatic;
				INFOPLIST_FILE = zmoneyTests/Info.plist;
				IPHONEOS_DEPLOYMENT_TARGET = 14.2;
				LD_RUNPATH_SEARCH_PATHS = (
					"$(inherited)",
					"@executable_path/Frameworks",
					"@loader_path/Frameworks",
				);
				PRODUCT_BUNDLE_IDENTIFIER = com.twttrio.zmoneyTests;
				PRODUCT_NAME = "$(TARGET_NAME)";
				SWIFT_VERSION = 5.0;
				TARGETED_DEVICE_FAMILY = "1,2";
				TEST_HOST = "$(BUILT_PRODUCTS_DIR)/zmoney.app/zmoney";
			};
			name = Debug;
		};
		05B93E4F25D0442F0089E7A8 /* Release */ = {
			isa = XCBuildConfiguration;
			baseConfigurationReference = 940334E206C842F52A2F7F1C /* Pods-zmoneyTests.release.xcconfig */;
			buildSettings = {
				ALWAYS_EMBED_SWIFT_STANDARD_LIBRARIES = YES;
				BUNDLE_LOADER = "$(TEST_HOST)";
				CODE_SIGN_STYLE = Automatic;
				INFOPLIST_FILE = zmoneyTests/Info.plist;
				IPHONEOS_DEPLOYMENT_TARGET = 14.2;
				LD_RUNPATH_SEARCH_PATHS = (
					"$(inherited)",
					"@executable_path/Frameworks",
					"@loader_path/Frameworks",
				);
				PRODUCT_BUNDLE_IDENTIFIER = com.twttrio.zmoneyTests;
				PRODUCT_NAME = "$(TARGET_NAME)";
				SWIFT_VERSION = 5.0;
				TARGETED_DEVICE_FAMILY = "1,2";
				TEST_HOST = "$(BUILT_PRODUCTS_DIR)/zmoney.app/zmoney";
			};
			name = Release;
		};
		05B93E5125D0442F0089E7A8 /* Debug */ = {
			isa = XCBuildConfiguration;
			baseConfigurationReference = F4B127ADFF97C9E149A4ECA6 /* Pods-zmoney-zmoneyUITests.debug.xcconfig */;
			buildSettings = {
				ALWAYS_EMBED_SWIFT_STANDARD_LIBRARIES = YES;
				CODE_SIGN_STYLE = Automatic;
				INFOPLIST_FILE = zmoneyUITests/Info.plist;
				LD_RUNPATH_SEARCH_PATHS = (
					"$(inherited)",
					"@executable_path/Frameworks",
					"@loader_path/Frameworks",
				);
				PRODUCT_BUNDLE_IDENTIFIER = com.twttrio.zmoneyUITests;
				PRODUCT_NAME = "$(TARGET_NAME)";
				SWIFT_VERSION = 5.0;
				TARGETED_DEVICE_FAMILY = "1,2";
				TEST_TARGET_NAME = zmoney;
			};
			name = Debug;
		};
		05B93E5225D0442F0089E7A8 /* Release */ = {
			isa = XCBuildConfiguration;
			baseConfigurationReference = 34003AEE6E15B9BBD74D9309 /* Pods-zmoney-zmoneyUITests.release.xcconfig */;
			buildSettings = {
				ALWAYS_EMBED_SWIFT_STANDARD_LIBRARIES = YES;
				CODE_SIGN_STYLE = Automatic;
				INFOPLIST_FILE = zmoneyUITests/Info.plist;
				LD_RUNPATH_SEARCH_PATHS = (
					"$(inherited)",
					"@executable_path/Frameworks",
					"@loader_path/Frameworks",
				);
				PRODUCT_BUNDLE_IDENTIFIER = com.twttrio.zmoneyUITests;
				PRODUCT_NAME = "$(TARGET_NAME)";
				SWIFT_VERSION = 5.0;
				TARGETED_DEVICE_FAMILY = "1,2";
				TEST_TARGET_NAME = zmoney;
			};
			name = Release;
		};
/* End XCBuildConfiguration section */

/* Begin XCConfigurationList section */
		05B93E1B25D0442E0089E7A8 /* Build configuration list for PBXProject "zmoney" */ = {
			isa = XCConfigurationList;
			buildConfigurations = (
				05B93E4825D0442F0089E7A8 /* Debug */,
				05B93E4925D0442F0089E7A8 /* Release */,
			);
			defaultConfigurationIsVisible = 0;
			defaultConfigurationName = Release;
		};
		05B93E4A25D0442F0089E7A8 /* Build configuration list for PBXNativeTarget "zmoney" */ = {
			isa = XCConfigurationList;
			buildConfigurations = (
				05B93E4B25D0442F0089E7A8 /* Debug */,
				05B93E4C25D0442F0089E7A8 /* Release */,
			);
			defaultConfigurationIsVisible = 0;
			defaultConfigurationName = Release;
		};
		05B93E4D25D0442F0089E7A8 /* Build configuration list for PBXNativeTarget "zmoneyTests" */ = {
			isa = XCConfigurationList;
			buildConfigurations = (
				05B93E4E25D0442F0089E7A8 /* Debug */,
				05B93E4F25D0442F0089E7A8 /* Release */,
			);
			defaultConfigurationIsVisible = 0;
			defaultConfigurationName = Release;
		};
		05B93E5025D0442F0089E7A8 /* Build configuration list for PBXNativeTarget "zmoneyUITests" */ = {
			isa = XCConfigurationList;
			buildConfigurations = (
				05B93E5125D0442F0089E7A8 /* Debug */,
				05B93E5225D0442F0089E7A8 /* Release */,
			);
			defaultConfigurationIsVisible = 0;
			defaultConfigurationName = Release;
		};
/* End XCConfigurationList section */
	};
	rootObject = 05B93E1825D0442E0089E7A8 /* Project object */;
}
